
Microsoft Visual Studio Solution File, Format Version 12.00
# Visual Studio 15
VisualStudioVersion = 15.0.27110.0
MinimumVisualStudioVersion = 10.0.40219.1
Project("{8BC9CEB8-8B4A-11D0-8D11-00A0C91BC942}") = "git-waze", "git-waze\git-waze.vcxproj", "{F3C1A17E-475B-4EE0-83D6-9BBF6A684077}"
EndProject
Global
	GlobalSection(SolutionConfigurationPlatforms) = preSolution
		Debug|x64 = Debug|x64
		Debug|x86 = Debug|x86
		Release|x64 = Release|x64
		Release|x86 = Release|x86
	EndGlobalSection
	GlobalSection(ProjectConfigurationPlatforms) = postSolution
		{F3C1A17E-475B-4EE0-83D6-9BBF6A684077}.Debug|x64.ActiveCfg = Debug|x64
		{F3C1A17E-475B-4EE0-83D6-9BBF6A684077}.Debug|x64.Build.0 = Debug|x64
		{F3C1A17E-475B-4EE0-83D6-9BBF6A684077}.Debug|x86.ActiveCfg = Debug|Win32
		{F3C1A17E-475B-4EE0-83D6-9BBF6A684077}.Debug|x86.Build.0 = Debug|Win32
		{F3C1A17E-475B-4EE0-83D6-9BBF6A684077}.Release|x64.ActiveCfg = Release|x64
		{F3C1A17E-475B-4EE0-83D6-9BBF6A684077}.Release|x64.Build.0 = Release|x64
		{F3C1A17E-475B-4EE0-83D6-9BBF6A684077}.Release|x86.ActiveCfg = Release|Win32
		{F3C1A17E-475B-4EE0-83D6-9BBF6A684077}.Release|x86.Build.0 = Release|Win32
	EndGlobalSection
	GlobalSection(SolutionProperties) = preSolution
		HideSolutionNode = FALSE
	EndGlobalSection
	GlobalSection(ExtensibilityGlobals) = postSolution
		SolutionGuid = {576FBCEF-D137-4BDD-9BE0-1B0306EE266C}
	EndGlobalSection
EndGlobal
